// !$*UTF8*$!
{
	archiveVersion = 1;
	classes = {
	};
	objectVersion = 50;
	objects = {

/* Begin PBXBuildFile section */
		247236FB26C1250500B192B0 /* AppDelegate.swift in Sources */ = {isa = PBXBuildFile; fileRef = 247236FA26C1250500B192B0 /* AppDelegate.swift */; };
		247236FD26C1250500B192B0 /* SceneDelegate.swift in Sources */ = {isa = PBXBuildFile; fileRef = 247236FC26C1250500B192B0 /* SceneDelegate.swift */; };
		247236FF26C1250500B192B0 /* ViewController.swift in Sources */ = {isa = PBXBuildFile; fileRef = 247236FE26C1250500B192B0 /* ViewController.swift */; };
		2472370226C1250500B192B0 /* Main.storyboard in Resources */ = {isa = PBXBuildFile; fileRef = 2472370026C1250500B192B0 /* Main.storyboard */; };
		2472370426C1250A00B192B0 /* Assets.xcassets in Resources */ = {isa = PBXBuildFile; fileRef = 2472370326C1250A00B192B0 /* Assets.xcassets */; };
		2472370726C1250A00B192B0 /* LaunchScreen.storyboard in Resources */ = {isa = PBXBuildFile; fileRef = 2472370526C1250A00B192B0 /* LaunchScreen.storyboard */; };
		2472370F26C1252100B192B0 /* Profile.swift in Sources */ = {isa = PBXBuildFile; fileRef = 2472370E26C1252000B192B0 /* Profile.swift */; };
		2472371126C1296800B192B0 /* ViewModel.swift in Sources */ = {isa = PBXBuildFile; fileRef = 2472371026C1296800B192B0 /* ViewModel.swift */; };
/* End PBXBuildFile section */

/* Begin PBXFileReference section */
		247236F726C1250500B192B0 /* MVVM-1.app */ = {isa = PBXFileReference; explicitFileType = wrapper.application; includeInIndex = 0; path = "MVVM-1.app"; sourceTree = BUILT_PRODUCTS_DIR; };
		247236FA26C1250500B192B0 /* AppDelegate.swift */ = {isa = PBXFileReference; lastKnownFileType = sourcecode.swift; path = AppDelegate.swift; sourceTree = "<group>"; };
		247236FC26C1250500B192B0 /* SceneDelegate.swift */ = {isa = PBXFileReference; lastKnownFileType = sourcecode.swift; path = SceneDelegate.swift; sourceTree = "<group>"; };
		247236FE26C1250500B192B0 /* ViewController.swift */ = {isa = PBXFileReference; lastKnownFileType = sourcecode.swift; path = ViewController.swift; sourceTree = "<group>"; };
		2472370126C1250500B192B0 /* Base */ = {isa = PBXFileReference; lastKnownFileType = file.storyboard; name = Base; path = Base.lproj/Main.storyboard; sourceTree = "<group>"; };
		2472370326C1250A00B192B0 /* Assets.xcassets */ = {isa = PBXFileReference; lastKnownFileType = folder.assetcatalog; path = Assets.xcassets; sourceTree = "<group>"; };
		2472370626C1250A00B192B0 /* Base */ = {isa = PBXFileReference; lastKnownFileType = file.storyboard; name = Base; path = Base.lproj/LaunchScreen.storyboard; sourceTree = "<group>"; };
		2472370826C1250A00B192B0 /* Info.plist */ = {isa = PBXFileReference; lastKnownFileType = text.plist.xml; path = Info.plist; sourceTree = "<group>"; };
		2472370E26C1252000B192B0 /* Profile.swift */ = {isa = PBXFileReference; lastKnownFileType = sourcecode.swift; path = Profile.swift; sourceTree = "<group>"; };
		2472371026C1296800B192B0 /* ViewModel.swift */ = {isa = PBXFileReference; lastKnownFileType = sourcecode.swift; path = ViewModel.swift; sourceTree = "<group>"; };
/* End PBXFileReference section */

/* Begin PBXFrameworksBuildPhase section */
		247236F426C1250500B192B0 /* Frameworks */ = {
			isa = PBXFrameworksBuildPhase;
			buildActionMask = 2147483647;
			files = (
			);
			runOnlyForDeploymentPostprocessing = 0;
		};
/* End PBXFrameworksBuildPhase section */

/* Begin PBXGroup section */
		247236EE26C1250500B192B0 = {
			isa = PBXGroup;
			children = (
				247236F926C1250500B192B0 /* MVVM-1 */,
				247236F826C1250500B192B0 /* Products */,
			);
			sourceTree = "<group>";
		};
		247236F826C1250500B192B0 /* Products */ = {
			isa = PBXGroup;
			children = (
				247236F726C1250500B192B0 /* MVVM-1.app */,
			);
			name = Products;
			sourceTree = "<group>";
		};
		247236F926C1250500B192B0 /* MVVM-1 */ = {
			isa = PBXGroup;
			children = (
				247236FA26C1250500B192B0 /* AppDelegate.swift */,
				247236FC26C1250500B192B0 /* SceneDelegate.swift */,
				247236FE26C1250500B192B0 /* ViewController.swift */,
				2472371026C1296800B192B0 /* ViewModel.swift */,
				2472370E26C1252000B192B0 /* Profile.swift */,
				2472370026C1250500B192B0 /* Main.storyboard */,
				2472370326C1250A00B192B0 /* Assets.xcassets */,
				2472370526C1250A00B192B0 /* LaunchScreen.storyboard */,
				2472370826C1250A00B192B0 /* Info.plist */,
			);
			path = "MVVM-1";
			sourceTree = "<group>";
		};
/* End PBXGroup section */

/* Begin PBXNativeTarget section */
		247236F626C1250500B192B0 /* MVVM-1 */ = {
			isa = PBXNativeTarget;
			buildConfigurationList = 2472370B26C1250A00B192B0 /* Build configuration list for PBXNativeTarget "MVVM-1" */;
			buildPhases = (
				247236F326C1250500B192B0 /* Sources */,
				247236F426C1250500B192B0 /* Frameworks */,
				247236F526C1250500B192B0 /* Resources */,
			);
			buildRules = (
			);
			dependencies = (
			);
			name = "MVVM-1";
			productName = "MVVM-1";
			productReference = 247236F726C1250500B192B0 /* MVVM-1.app */;
			productType = "com.apple.product-type.application";
		};
/* End PBXNativeTarget section */

/* Begin PBXProject section */
		247236EF26C1250500B192B0 /* Project object */ = {
			isa = PBXProject;
			attributes = {
				LastSwiftUpdateCheck = 1250;
				LastUpgradeCheck = 1250;
				TargetAttributes = {
					247236F626C1250500B192B0 = {
						CreatedOnToolsVersion = 12.5;
					};
				};
			};
			buildConfigurationList = 247236F226C1250500B192B0 /* Build configuration list for PBXProject "MVVM-1" */;
			compatibilityVersion = "Xcode 9.3";
			developmentRegion = en;
			hasScannedForEncodings = 0;
			knownRegions = (
				en,
				Base,
			);
			mainGroup = 247236EE26C1250500B192B0;
			productRefGroup = 247236F826C1250500B192B0 /* Products */;
			projectDirPath = "";
			projectRoot = "";
			targets = (
				247236F626C1250500B192B0 /* MVVM-1 */,
			);
		};
/* End PBXProject section */

/* Begin PBXResourcesBuildPhase section */
		247236F526C1250500B192B0 /* Resources */ = {
			isa = PBXResourcesBuildPhase;
			buildActionMask = 2147483647;
			files = (
				2472370726C1250A00B192B0 /* LaunchScreen.storyboard in Resources */,
				2472370426C1250A00B192B0 /* Assets.xcassets in Resources */,
				2472370226C1250500B192B0 /* Main.storyboard in Resources */,
			);
			runOnlyForDeploymentPostprocessing = 0;
		};
/* End PBXResourcesBuildPhase section */

/* Begin PBXSourcesBuildPhase section */
		247236F326C1250500B192B0 /* Sources */ = {
			isa = PBXSourcesBuildPhase;
			buildActionMask = 2147483647;
			files = (
				2472371126C1296800B192B0 /* ViewModel.swift in Sources */,
				247236FF26C1250500B192B0 /* ViewController.swift in Sources */,
				2472370F26C1252100B192B0 /* Profile.swift in Sources */,
				247236FB26C1250500B192B0 /* AppDelegate.swift in Sources */,
				247236FD26C1250500B192B0 /* SceneDelegate.swift in Sources */,
			);
			runOnlyForDeploymentPostprocessing = 0;
		};
/* End PBXSourcesBuildPhase section */

/* Begin PBXVariantGroup section */
		2472370026C1250500B192B0 /* Main.storyboard */ = {
			isa = PBXVariantGroup;
			children = (
				2472370126C1250500B192B0 /* Base */,
			);
			name = Main.storyboard;
			sourceTree = "<group>";
		};
		2472370526C1250A00B192B0 /* LaunchScreen.storyboard */ = {
			isa = PBXVariantGroup;
			children = (
				2472370626C1250A00B192B0 /* Base */,
			);
			name = LaunchScreen.storyboard;
			sourceTree = "<group>";
		};
/* End PBXVariantGroup section */

/* Begin XCBuildConfiguration section */
		2472370926C1250A00B192B0 /* Debug */ = {
			isa = XCBuildConfiguration;
			buildSettings = {
				ALWAYS_SEARCH_USER_PATHS = NO;
				CLANG_ANALYZER_NONNULL = YES;
				CLANG_ANALYZER_NUMBER_OBJECT_CONVERSION = YES_AGGRESSIVE;
				CLANG_CXX_LANGUAGE_STANDARD = "gnu++14";
				CLANG_CXX_LIBRARY = "libc++";
				CLANG_ENABLE_MODULES = YES;
				CLANG_ENABLE_OBJC_ARC = YES;
				CLANG_ENABLE_OBJC_WEAK = YES;
				CLANG_WARN_BLOCK_CAPTURE_AUTORELEASING = YES;
				CLANG_WARN_BOOL_CONVERSION = YES;
				CLANG_WARN_COMMA = YES;
				CLANG_WARN_CONSTANT_CONVERSION = YES;
				CLANG_WARN_DEPRECATED_OBJC_IMPLEMENTATIONS = YES;
				CLANG_WARN_DIRECT_OBJC_ISA_USAGE = YES_ERROR;
				CLANG_WARN_DOCUMENTATION_COMMENTS = YES;
				CLANG_WARN_EMPTY_BODY = YES;
				CLANG_WARN_ENUM_CONVERSION = YES;
				CLANG_WARN_INFINITE_RECURSION = YES;
				CLANG_WARN_INT_CONVERSION = YES;
				CLANG_WARN_NON_LITERAL_NULL_CONVERSION = YES;
				CLANG_WARN_OBJC_IMPLICIT_RETAIN_SELF = YES;
				CLANG_WARN_OBJC_LITERAL_CONVERSION = YES;
				CLANG_WARN_OBJC_ROOT_CLASS = YES_ERROR;
				CLANG_WARN_QUOTED_INCLUDE_IN_FRAMEWORK_HEADER = YES;
				CLANG_WARN_RANGE_LOOP_ANALYSIS = YES;
				CLANG_WARN_STRICT_PROTOTYPES = YES;
				CLANG_WARN_SUSPICIOUS_MOVE = YES;
				CLANG_WARN_UNGUARDED_AVAILABILITY = YES_AGGRESSIVE;
				CLANG_WARN_UNREACHABLE_CODE = YES;
				CLANG_WARN__DUPLICATE_METHOD_MATCH = YES;
				COPY_PHASE_STRIP = NO;
				DEBUG_INFORMATION_FORMAT = dwarf;
				ENABLE_STRICT_OBJC_MSGSEND = YES;
				ENABLE_TESTABILITY = YES;
				GCC_C_LANGUAGE_STANDARD = gnu11;
				GCC_DYNAMIC_NO_PIC = NO;
				GCC_NO_COMMON_BLOCKS = YES;
				GCC_OPTIMIZATION_LEVEL = 0;
				GCC_PREPROCESSOR_DEFINITIONS = (
					"DEBUG=1",
					"$(inherited)",
				);
				GCC_WARN_64_TO_32_BIT_CONVERSION = YES;
				GCC_WARN_ABOUT_RETURN_TYPE = YES_ERROR;
				GCC_WARN_UNDECLARED_SELECTOR = YES;
				GCC_WARN_UNINITIALIZED_AUTOS = YES_AGGRESSIVE;
				GCC_WARN_UNUSED_FUNCTION = YES;
				GCC_WARN_UNUSED_VARIABLE = YES;
				IPHONEOS_DEPLOYMENT_TARGET = 14.5;
				MTL_ENABLE_DEBUG_INFO = INCLUDE_SOURCE;
				MTL_FAST_MATH = YES;
				ONLY_ACTIVE_ARCH = YES;
				SDKROOT = iphoneos;
				SWIFT_ACTIVE_COMPILATION_CONDITIONS = DEBUG;
				SWIFT_OPTIMIZATION_LEVEL = "-Onone";
			};
			name = Debug;
		};
		2472370A26C1250A00B192B0 /* Release */ = {
			isa = XCBuildConfiguration;
			buildSettings = {
				ALWAYS_SEARCH_USER_PATHS = NO;
				CLANG_ANALYZER_NONNULL = YES;
				CLANG_ANALYZER_NUMBER_OBJECT_CONVERSION = YES_AGGRESSIVE;
				CLANG_CXX_LANGUAGE_STANDARD = "gnu++14";
				CLANG_CXX_LIBRARY = "libc++";
				CLANG_ENABLE_MODULES = YES;
				CLANG_ENABLE_OBJC_ARC = YES;
				CLANG_ENABLE_OBJC_WEAK = YES;
				CLANG_WARN_BLOCK_CAPTURE_AUTORELEASING = YES;
				CLANG_WARN_BOOL_CONVERSION = YES;
				CLANG_WARN_COMMA = YES;
				CLANG_WARN_CONSTANT_CONVERSION = YES;
				CLANG_WARN_DEPRECATED_OBJC_IMPLEMENTATIONS = YES;
				CLANG_WARN_DIRECT_OBJC_ISA_USAGE = YES_ERROR;
				CLANG_WARN_DOCUMENTATION_COMMENTS = YES;
				CLANG_WARN_EMPTY_BODY = YES;
				CLANG_WARN_ENUM_CONVERSION = YES;
				CLANG_WARN_INFINITE_RECURSION = YES;
				CLANG_WARN_INT_CONVERSION = YES;
				CLANG_WARN_NON_LITERAL_NULL_CONVERSION = YES;
				CLANG_WARN_OBJC_IMPLICIT_RETAIN_SELF = YES;
				CLANG_WARN_OBJC_LITERAL_CONVERSION = YES;
				CLANG_WARN_OBJC_ROOT_CLASS = YES_ERROR;
				CLANG_WARN_QUOTED_INCLUDE_IN_FRAMEWORK_HEADER = YES;
				CLANG_WARN_RANGE_LOOP_ANALYSIS = YES;
				CLANG_WARN_STRICT_PROTOTYPES = YES;
				CLANG_WARN_SUSPICIOUS_MOVE = YES;
				CLANG_WARN_UNGUARDED_AVAILABILITY = YES_AGGRESSIVE;
				CLANG_WARN_UNREACHABLE_CODE = YES;
				CLANG_WARN__DUPLICATE_METHOD_MATCH = YES;
				COPY_PHASE_STRIP = NO;
				DEBUG_INFORMATION_FORMAT = "dwarf-with-dsym";
				ENABLE_NS_ASSERTIONS = NO;
				ENABLE_STRICT_OBJC_MSGSEND = YES;
				GCC_C_LANGUAGE_STANDARD = gnu11;
				GCC_NO_COMMON_BLOCKS = YES;
				GCC_WARN_64_TO_32_BIT_CONVERSION = YES;
				GCC_WARN_ABOUT_RETURN_TYPE = YES_ERROR;
				GCC_WARN_UNDECLARED_SELECTOR = YES;
				GCC_WARN_UNINITIALIZED_AUTOS = YES_AGGRESSIVE;
				GCC_WARN_UNUSED_FUNCTION = YES;
				GCC_WARN_UNUSED_VARIABLE = YES;
				IPHONEOS_DEPLOYMENT_TARGET = 14.5;
				MTL_ENABLE_DEBUG_INFO = NO;
				MTL_FAST_MATH = YES;
				SDKROOT = iphoneos;
				SWIFT_COMPILATION_MODE = wholemodule;
				SWIFT_OPTIMIZATION_LEVEL = "-O";
				VALIDATE_PRODUCT = YES;
			};
			name = Release;
		};
		2472370C26C1250A00B192B0 /* Debug */ = {
			isa = XCBuildConfiguration;
			buildSettings = {
				ASSETCATALOG_COMPILER_APPICON_NAME = AppIcon;
				ASSETCATALOG_COMPILER_GLOBAL_ACCENT_COLOR_NAME = AccentColor;
				CODE_SIGN_STYLE = Automatic;
				DEVELOPMENT_TEAM = 6U48XQQB49;
				INFOPLIST_FILE = "MVVM-1/Info.plist";
				LD_RUNPATH_SEARCH_PATHS = (
					"$(inherited)",
					"@executable_path/Frameworks",
				);
				PRODUCT_BUNDLE_IDENTIFIER = "by.TsarenkowOS.MVVM-1";
				PRODUCT_NAME = "$(TARGET_NAME)";
				SWIFT_VERSION = 5.0;
				TARGETED_DEVICE_FAMILY = "1,2";
			};
			name = Debug;
		};
		2472370D26C1250A00B192B0 /* Release */ = {
			isa = XCBuildConfiguration;
			buildSettings = {
				ASSETCATALOG_COMPILER_APPICON_NAME = AppIcon;
				ASSETCATALOG_COMPILER_GLOBAL_ACCENT_COLOR_NAME = AccentColor;
				CODE_SIGN_STYLE = Automatic;
				DEVELOPMENT_TEAM = 6U48XQQB49;
				INFOPLIST_FILE = "MVVM-1/Info.plist";
				LD_RUNPATH_SEARCH_PATHS = (
					"$(inherited)",
					"@executable_path/Frameworks",
				);
				PRODUCT_BUNDLE_IDENTIFIER = "by.TsarenkowOS.MVVM-1";
				PRODUCT_NAME = "$(TARGET_NAME)";
				SWIFT_VERSION = 5.0;
				TARGETED_DEVICE_FAMILY = "1,2";
			};
			name = Release;
		};
/* End XCBuildConfiguration section */

/* Begin XCConfigurationList section */
		247236F226C1250500B192B0 /* Build configuration list for PBXProject "MVVM-1" */ = {
			isa = XCConfigurationList;
			buildConfigurations = (
				2472370926C1250A00B192B0 /* Debug */,
				2472370A26C1250A00B192B0 /* Release */,
			);
			defaultConfigurationIsVisible = 0;
			defaultConfigurationName = Release;
		};
		2472370B26C1250A00B192B0 /* Build configuration list for PBXNativeTarget "MVVM-1" */ = {
			isa = XCConfigurationList;
			buildConfigurations = (
				2472370C26C1250A00B192B0 /* Debug */,
				2472370D26C1250A00B192B0 /* Release */,
			);
			defaultConfigurationIsVisible = 0;
			defaultConfigurationName = Release;
		};
/* End XCConfigurationList section */
	};
	rootObject = 247236EF26C1250500B192B0 /* Project object */;
}
